// !$*UTF8*$!
{
	archiveVersion = 1;
	classes = {
	};
	objectVersion = 50;
	objects = {

/* Begin PBXBuildFile section */
		02D7D564225EFDF400148463 /* Functional.framework in Frameworks */ = {isa = PBXBuildFile; fileRef = 02D7D55A225EFDF300148463 /* Functional.framework */; };
		02D7D569225EFDF400148463 /* FunctionalTests.swift in Sources */ = {isa = PBXBuildFile; fileRef = 02D7D568225EFDF400148463 /* FunctionalTests.swift */; };
		02D7D56B225EFDF400148463 /* Functional.h in Headers */ = {isa = PBXBuildFile; fileRef = 02D7D55D225EFDF300148463 /* Functional.h */; settings = {ATTRIBUTES = (Public, ); }; };
		02D7D576225EFE5400148463 /* Composition.swift in Sources */ = {isa = PBXBuildFile; fileRef = 02D7D575225EFE5400148463 /* Composition.swift */; };
		02D7D578225F013E00148463 /* SideEffects.swift in Sources */ = {isa = PBXBuildFile; fileRef = 02D7D577225F013E00148463 /* SideEffects.swift */; };
		02D7D57A2260616F00148463 /* Getters.swift in Sources */ = {isa = PBXBuildFile; fileRef = 02D7D5792260616F00148463 /* Getters.swift */; };
		02D7D57C2260644400148463 /* Reduce.swift in Sources */ = {isa = PBXBuildFile; fileRef = 02D7D57B2260644400148463 /* Reduce.swift */; };
/* End PBXBuildFile section */

/* Begin PBXContainerItemProxy section */
		02D7D565225EFDF400148463 /* PBXContainerItemProxy */ = {
			isa = PBXContainerItemProxy;
			containerPortal = 02D7D551225EFDF300148463 /* Project object */;
			proxyType = 1;
			remoteGlobalIDString = 02D7D559225EFDF300148463;
			remoteInfo = Functional;
		};
/* End PBXContainerItemProxy section */

/* Begin PBXFileReference section */
		02D7D55A225EFDF300148463 /* Functional.framework */ = {isa = PBXFileReference; explicitFileType = wrapper.framework; includeInIndex = 0; path = Functional.framework; sourceTree = BUILT_PRODUCTS_DIR; };
		02D7D55D225EFDF300148463 /* Functional.h */ = {isa = PBXFileReference; lastKnownFileType = sourcecode.c.h; path = Functional.h; sourceTree = "<group>"; };
		02D7D55E225EFDF300148463 /* Info.plist */ = {isa = PBXFileReference; lastKnownFileType = text.plist.xml; path = Info.plist; sourceTree = "<group>"; };
		02D7D563225EFDF400148463 /* FunctionalTests.xctest */ = {isa = PBXFileReference; explicitFileType = wrapper.cfbundle; includeInIndex = 0; path = FunctionalTests.xctest; sourceTree = BUILT_PRODUCTS_DIR; };
		02D7D568225EFDF400148463 /* FunctionalTests.swift */ = {isa = PBXFileReference; lastKnownFileType = sourcecode.swift; path = FunctionalTests.swift; sourceTree = "<group>"; };
		02D7D56A225EFDF400148463 /* Info.plist */ = {isa = PBXFileReference; lastKnownFileType = text.plist.xml; path = Info.plist; sourceTree = "<group>"; };
		02D7D574225EFE4A00148463 /* FunctionalPlayground.playground */ = {isa = PBXFileReference; lastKnownFileType = file.playground; path = FunctionalPlayground.playground; sourceTree = "<group>"; xcLanguageSpecificationIdentifier = xcode.lang.swift; };
		02D7D575225EFE5400148463 /* Composition.swift */ = {isa = PBXFileReference; lastKnownFileType = sourcecode.swift; path = Composition.swift; sourceTree = "<group>"; };
		02D7D577225F013E00148463 /* SideEffects.swift */ = {isa = PBXFileReference; lastKnownFileType = sourcecode.swift; path = SideEffects.swift; sourceTree = "<group>"; };
		02D7D5792260616F00148463 /* Getters.swift */ = {isa = PBXFileReference; lastKnownFileType = sourcecode.swift; path = Getters.swift; sourceTree = "<group>"; };
		02D7D57B2260644400148463 /* Reduce.swift */ = {isa = PBXFileReference; lastKnownFileType = sourcecode.swift; path = Reduce.swift; sourceTree = "<group>"; };
/* End PBXFileReference section */

/* Begin PBXFrameworksBuildPhase section */
		02D7D557225EFDF300148463 /* Frameworks */ = {
			isa = PBXFrameworksBuildPhase;
			buildActionMask = 2147483647;
			files = (
			);
			runOnlyForDeploymentPostprocessing = 0;
		};
		02D7D560225EFDF400148463 /* Frameworks */ = {
			isa = PBXFrameworksBuildPhase;
			buildActionMask = 2147483647;
			files = (
				02D7D564225EFDF400148463 /* Functional.framework in Frameworks */,
			);
			runOnlyForDeploymentPostprocessing = 0;
		};
/* End PBXFrameworksBuildPhase section */

/* Begin PBXGroup section */
		02D7D550225EFDF300148463 = {
			isa = PBXGroup;
			children = (
				02D7D574225EFE4A00148463 /* FunctionalPlayground.playground */,
				02D7D55C225EFDF300148463 /* Functional */,
				02D7D567225EFDF400148463 /* FunctionalTests */,
				02D7D55B225EFDF300148463 /* Products */,
			);
			sourceTree = "<group>";
		};
		02D7D55B225EFDF300148463 /* Products */ = {
			isa = PBXGroup;
			children = (
				02D7D55A225EFDF300148463 /* Functional.framework */,
				02D7D563225EFDF400148463 /* FunctionalTests.xctest */,
			);
			name = Products;
			sourceTree = "<group>";
		};
		02D7D55C225EFDF300148463 /* Functional */ = {
			isa = PBXGroup;
			children = (
				02D7D55D225EFDF300148463 /* Functional.h */,
				02D7D55E225EFDF300148463 /* Info.plist */,
				02D7D575225EFE5400148463 /* Composition.swift */,
				02D7D577225F013E00148463 /* SideEffects.swift */,
				02D7D5792260616F00148463 /* Getters.swift */,
				02D7D57B2260644400148463 /* Reduce.swift */,
			);
			path = Functional;
			sourceTree = "<group>";
		};
		02D7D567225EFDF400148463 /* FunctionalTests */ = {
			isa = PBXGroup;
			children = (
				02D7D568225EFDF400148463 /* FunctionalTests.swift */,
				02D7D56A225EFDF400148463 /* Info.plist */,
			);
			path = FunctionalTests;
			sourceTree = "<group>";
		};
/* End PBXGroup section */

/* Begin PBXHeadersBuildPhase section */
		02D7D555225EFDF300148463 /* Headers */ = {
			isa = PBXHeadersBuildPhase;
			buildActionMask = 2147483647;
			files = (
				02D7D56B225EFDF400148463 /* Functional.h in Headers */,
			);
			runOnlyForDeploymentPostprocessing = 0;
		};
/* End PBXHeadersBuildPhase section */

/* Begin PBXNativeTarget section */
		02D7D559225EFDF300148463 /* Functional */ = {
			isa = PBXNativeTarget;
			buildConfigurationList = 02D7D56E225EFDF400148463 /* Build configuration list for PBXNativeTarget "Functional" */;
			buildPhases = (
				02D7D555225EFDF300148463 /* Headers */,
				02D7D556225EFDF300148463 /* Sources */,
				02D7D557225EFDF300148463 /* Frameworks */,
				02D7D558225EFDF300148463 /* Resources */,
			);
			buildRules = (
			);
			dependencies = (
			);
			name = Functional;
			productName = Functional;
			productReference = 02D7D55A225EFDF300148463 /* Functional.framework */;
			productType = "com.apple.product-type.framework";
		};
		02D7D562225EFDF400148463 /* FunctionalTests */ = {
			isa = PBXNativeTarget;
			buildConfigurationList = 02D7D571225EFDF400148463 /* Build configuration list for PBXNativeTarget "FunctionalTests" */;
			buildPhases = (
				02D7D55F225EFDF400148463 /* Sources */,
				02D7D560225EFDF400148463 /* Frameworks */,
				02D7D561225EFDF400148463 /* Resources */,
			);
			buildRules = (
			);
			dependencies = (
				02D7D566225EFDF400148463 /* PBXTargetDependency */,
			);
			name = FunctionalTests;
			productName = FunctionalTests;
			productReference = 02D7D563225EFDF400148463 /* FunctionalTests.xctest */;
			productType = "com.apple.product-type.bundle.unit-test";
		};
/* End PBXNativeTarget section */

/* Begin PBXProject section */
		02D7D551225EFDF300148463 /* Project object */ = {
			isa = PBXProject;
			attributes = {
				LastSwiftUpdateCheck = 1010;
				LastUpgradeCheck = 1010;
				ORGANIZATIONNAME = "Son Nguyen";
				TargetAttributes = {
					02D7D559225EFDF300148463 = {
						CreatedOnToolsVersion = 10.1;
						LastSwiftMigration = 1010;
					};
					02D7D562225EFDF400148463 = {
						CreatedOnToolsVersion = 10.1;
					};
				};
			};
			buildConfigurationList = 02D7D554225EFDF300148463 /* Build configuration list for PBXProject "Functional" */;
			compatibilityVersion = "Xcode 9.3";
			developmentRegion = en;
			hasScannedForEncodings = 0;
			knownRegions = (
				en,
			);
			mainGroup = 02D7D550225EFDF300148463;
			productRefGroup = 02D7D55B225EFDF300148463 /* Products */;
			projectDirPath = "";
			projectRoot = "";
			targets = (
				02D7D559225EFDF300148463 /* Functional */,
				02D7D562225EFDF400148463 /* FunctionalTests */,
			);
		};
/* End PBXProject section */

/* Begin PBXResourcesBuildPhase section */
		02D7D558225EFDF300148463 /* Resources */ = {
			isa = PBXResourcesBuildPhase;
			buildActionMask = 2147483647;
			files = (
			);
			runOnlyForDeploymentPostprocessing = 0;
		};
		02D7D561225EFDF400148463 /* Resources */ = {
			isa = PBXResourcesBuildPhase;
			buildActionMask = 2147483647;
			files = (
			);
			runOnlyForDeploymentPostprocessing = 0;
		};
/* End PBXResourcesBuildPhase section */

/* Begin PBXSourcesBuildPhase section */
		02D7D556225EFDF300148463 /* Sources */ = {
			isa = PBXSourcesBuildPhase;
			buildActionMask = 2147483647;
			files = (
				02D7D576225EFE5400148463 /* Composition.swift in Sources */,
				02D7D578225F013E00148463 /* SideEffects.swift in Sources */,
				02D7D57A2260616F00148463 /* Getters.swift in Sources */,
				02D7D57C2260644400148463 /* Reduce.swift in Sources */,
			);
			runOnlyForDeploymentPostprocessing = 0;
		};
		02D7D55F225EFDF400148463 /* Sources */ = {
			isa = PBXSourcesBuildPhase;
			buildActionMask = 2147483647;
			files = (
				02D7D569225EFDF400148463 /* FunctionalTests.swift in Sources */,
			);
			runOnlyForDeploymentPostprocessing = 0;
		};
/* End PBXSourcesBuildPhase section */

/* Begin PBXTargetDependency section */
		02D7D566225EFDF400148463 /* PBXTargetDependency */ = {
			isa = PBXTargetDependency;
			target = 02D7D559225EFDF300148463 /* Functional */;
			targetProxy = 02D7D565225EFDF400148463 /* PBXContainerItemProxy */;
		};
/* End PBXTargetDependency section */

/* Begin XCBuildConfiguration section */
		02D7D56C225EFDF400148463 /* Debug */ = {
			isa = XCBuildConfiguration;
			buildSettings = {
				ALWAYS_SEARCH_USER_PATHS = NO;
				CLANG_ANALYZER_NONNULL = YES;
				CLANG_ANALYZER_NUMBER_OBJECT_CONVERSION = YES_AGGRESSIVE;
				CLANG_CXX_LANGUAGE_STANDARD = "gnu++14";
				CLANG_CXX_LIBRARY = "libc++";
				CLANG_ENABLE_MODULES = YES;
				CLANG_ENABLE_OBJC_ARC = YES;
				CLANG_ENABLE_OBJC_WEAK = YES;
				CLANG_WARN_BLOCK_CAPTURE_AUTORELEASING = YES;
				CLANG_WARN_BOOL_CONVERSION = YES;
				CLANG_WARN_COMMA = YES;
				CLANG_WARN_CONSTANT_CONVERSION = YES;
				CLANG_WARN_DEPRECATED_OBJC_IMPLEMENTATIONS = YES;
				CLANG_WARN_DIRECT_OBJC_ISA_USAGE = YES_ERROR;
				CLANG_WARN_DOCUMENTATION_COMMENTS = YES;
				CLANG_WARN_EMPTY_BODY = YES;
				CLANG_WARN_ENUM_CONVERSION = YES;
				CLANG_WARN_INFINITE_RECURSION = YES;
				CLANG_WARN_INT_CONVERSION = YES;
				CLANG_WARN_NON_LITERAL_NULL_CONVERSION = YES;
				CLANG_WARN_OBJC_IMPLICIT_RETAIN_SELF = YES;
				CLANG_WARN_OBJC_LITERAL_CONVERSION = YES;
				CLANG_WARN_OBJC_ROOT_CLASS = YES_ERROR;
				CLANG_WARN_RANGE_LOOP_ANALYSIS = YES;
				CLANG_WARN_STRICT_PROTOTYPES = YES;
				CLANG_WARN_SUSPICIOUS_MOVE = YES;
				CLANG_WARN_UNGUARDED_AVAILABILITY = YES_AGGRESSIVE;
				CLANG_WARN_UNREACHABLE_CODE = YES;
				CLANG_WARN__DUPLICATE_METHOD_MATCH = YES;
				CODE_SIGN_IDENTITY = "iPhone Developer";
				COPY_PHASE_STRIP = NO;
				CURRENT_PROJECT_VERSION = 1;
				DEBUG_INFORMATION_FORMAT = dwarf;
				ENABLE_STRICT_OBJC_MSGSEND = YES;
				ENABLE_TESTABILITY = YES;
				GCC_C_LANGUAGE_STANDARD = gnu11;
				GCC_DYNAMIC_NO_PIC = NO;
				GCC_NO_COMMON_BLOCKS = YES;
				GCC_OPTIMIZATION_LEVEL = 0;
				GCC_PREPROCESSOR_DEFINITIONS = (
					"DEBUG=1",
					"$(inherited)",
				);
				GCC_WARN_64_TO_32_BIT_CONVERSION = YES;
				GCC_WARN_ABOUT_RETURN_TYPE = YES_ERROR;
				GCC_WARN_UNDECLARED_SELECTOR = YES;
				GCC_WARN_UNINITIALIZED_AUTOS = YES_AGGRESSIVE;
				GCC_WARN_UNUSED_FUNCTION = YES;
				GCC_WARN_UNUSED_VARIABLE = YES;
				IPHONEOS_DEPLOYMENT_TARGET = 12.1;
				MTL_ENABLE_DEBUG_INFO = INCLUDE_SOURCE;
				MTL_FAST_MATH = YES;
				ONLY_ACTIVE_ARCH = YES;
				SDKROOT = iphoneos;
				SWIFT_ACTIVE_COMPILATION_CONDITIONS = DEBUG;
				SWIFT_OPTIMIZATION_LEVEL = "-Onone";
				VERSIONING_SYSTEM = "apple-generic";
				VERSION_INFO_PREFIX = "";
			};
			name = Debug;
		};
		02D7D56D225EFDF400148463 /* Release */ = {
			isa = XCBuildConfiguration;
			buildSettings = {
				ALWAYS_SEARCH_USER_PATHS = NO;
				CLANG_ANALYZER_NONNULL = YES;
				CLANG_ANALYZER_NUMBER_OBJECT_CONVERSION = YES_AGGRESSIVE;
				CLANG_CXX_LANGUAGE_STANDARD = "gnu++14";
				CLANG_CXX_LIBRARY = "libc++";
				CLANG_ENABLE_MODULES = YES;
				CLANG_ENABLE_OBJC_ARC = YES;
				CLANG_ENABLE_OBJC_WEAK = YES;
				CLANG_WARN_BLOCK_CAPTURE_AUTORELEASING = YES;
				CLANG_WARN_BOOL_CONVERSION = YES;
				CLANG_WARN_COMMA = YES;
				CLANG_WARN_CONSTANT_CONVERSION = YES;
				CLANG_WARN_DEPRECATED_OBJC_IMPLEMENTATIONS = YES;
				CLANG_WARN_DIRECT_OBJC_ISA_USAGE = YES_ERROR;
				CLANG_WARN_DOCUMENTATION_COMMENTS = YES;
				CLANG_WARN_EMPTY_BODY = YES;
				CLANG_WARN_ENUM_CONVERSION = YES;
				CLANG_WARN_INFINITE_RECURSION = YES;
				CLANG_WARN_INT_CONVERSION = YES;
				CLANG_WARN_NON_LITERAL_NULL_CONVERSION = YES;
				CLANG_WARN_OBJC_IMPLICIT_RETAIN_SELF = YES;
				CLANG_WARN_OBJC_LITERAL_CONVERSION = YES;
				CLANG_WARN_OBJC_ROOT_CLASS = YES_ERROR;
				CLANG_WARN_RANGE_LOOP_ANALYSIS = YES;
				CLANG_WARN_STRICT_PROTOTYPES = YES;
				CLANG_WARN_SUSPICIOUS_MOVE = YES;
				CLANG_WARN_UNGUARDED_AVAILABILITY = YES_AGGRESSIVE;
				CLANG_WARN_UNREACHABLE_CODE = YES;
				CLANG_WARN__DUPLICATE_METHOD_MATCH = YES;
				CODE_SIGN_IDENTITY = "iPhone Developer";
				COPY_PHASE_STRIP = NO;
				CURRENT_PROJECT_VERSION = 1;
				DEBUG_INFORMATION_FORMAT = "dwarf-with-dsym";
				ENABLE_NS_ASSERTIONS = NO;
				ENABLE_STRICT_OBJC_MSGSEND = YES;
				GCC_C_LANGUAGE_STANDARD = gnu11;
				GCC_NO_COMMON_BLOCKS = YES;
				GCC_WARN_64_TO_32_BIT_CONVERSION = YES;
				GCC_WARN_ABOUT_RETURN_TYPE = YES_ERROR;
				GCC_WARN_UNDECLARED_SELECTOR = YES;
				GCC_WARN_UNINITIALIZED_AUTOS = YES_AGGRESSIVE;
				GCC_WARN_UNUSED_FUNCTION = YES;
				GCC_WARN_UNUSED_VARIABLE = YES;
				IPHONEOS_DEPLOYMENT_TARGET = 12.1;
				MTL_ENABLE_DEBUG_INFO = NO;
				MTL_FAST_MATH = YES;
				SDKROOT = iphoneos;
				SWIFT_COMPILATION_MODE = wholemodule;
				SWIFT_OPTIMIZATION_LEVEL = "-O";
				VALIDATE_PRODUCT = YES;
				VERSIONING_SYSTEM = "apple-generic";
				VERSION_INFO_PREFIX = "";
			};
			name = Release;
		};
		02D7D56F225EFDF400148463 /* Debug */ = {
			isa = XCBuildConfiguration;
			buildSettings = {
				CLANG_ENABLE_MODULES = YES;
				CODE_SIGN_IDENTITY = "";
				CODE_SIGN_STYLE = Automatic;
				DEFINES_MODULE = YES;
				DEVELOPMENT_TEAM = 2S34DXWM2G;
				DYLIB_COMPATIBILITY_VERSION = 1;
				DYLIB_CURRENT_VERSION = 1;
				DYLIB_INSTALL_NAME_BASE = "@rpath";
				INFOPLIST_FILE = Functional/Info.plist;
				INSTALL_PATH = "$(LOCAL_LIBRARY_DIR)/Frameworks";
				LD_RUNPATH_SEARCH_PATHS = (
					"$(inherited)",
					"@executable_path/Frameworks",
					"@loader_path/Frameworks",
				);
				PRODUCT_BUNDLE_IDENTIFIER = com.son.Functional;
				PRODUCT_NAME = "$(TARGET_NAME:c99extidentifier)";
				SKIP_INSTALL = YES;
				SWIFT_OPTIMIZATION_LEVEL = "-Onone";
				SWIFT_VERSION = 4.2;
				TARGETED_DEVICE_FAMILY = "1,2";
			};
			name = Debug;
		};
		02D7D570225EFDF400148463 /* Release */ = {
			isa = XCBuildConfiguration;
			buildSettings = {
				CLANG_ENABLE_MODULES = YES;
				CODE_SIGN_IDENTITY = "";
				CODE_SIGN_STYLE = Automatic;
				DEFINES_MODULE = YES;
				DEVELOPMENT_TEAM = 2S34DXWM2G;
				DYLIB_COMPATIBILITY_VERSION = 1;
				DYLIB_CURRENT_VERSION = 1;
				DYLIB_INSTALL_NAME_BASE = "@rpath";
				INFOPLIST_FILE = Functional/Info.plist;
				INSTALL_PATH = "$(LOCAL_LIBRARY_DIR)/Frameworks";
				LD_RUNPATH_SEARCH_PATHS = (
					"$(inherited)",
					"@executable_path/Frameworks",
					"@loader_path/Frameworks",
				);
				PRODUCT_BUNDLE_IDENTIFIER = com.son.Functional;
				PRODUCT_NAME = "$(TARGET_NAME:c99extidentifier)";
				SKIP_INSTALL = YES;
				SWIFT_VERSION = 4.2;
				TARGETED_DEVICE_FAMILY = "1,2";
			};
			name = Release;
		};
		02D7D572225EFDF400148463 /* Debug */ = {
			isa = XCBuildConfiguration;
			buildSettings = {
				ALWAYS_EMBED_SWIFT_STANDARD_LIBRARIES = YES;
				CODE_SIGN_STYLE = Automatic;
				DEVELOPMENT_TEAM = 2S34DXWM2G;
				INFOPLIST_FILE = FunctionalTests/Info.plist;
				LD_RUNPATH_SEARCH_PATHS = (
					"$(inherited)",
					"@executable_path/Frameworks",
					"@loader_path/Frameworks",
				);
				PRODUCT_BUNDLE_IDENTIFIER = com.son.FunctionalTests;
				PRODUCT_NAME = "$(TARGET_NAME)";
				SWIFT_VERSION = 4.2;
				TARGETED_DEVICE_FAMILY = "1,2";
			};
			name = Debug;
		};
		02D7D573225EFDF400148463 /* Release */ = {
			isa = XCBuildConfiguration;
			buildSettings = {
				ALWAYS_EMBED_SWIFT_STANDARD_LIBRARIES = YES;
				CODE_SIGN_STYLE = Automatic;
				DEVELOPMENT_TEAM = 2S34DXWM2G;
				INFOPLIST_FILE = FunctionalTests/Info.plist;
				LD_RUNPATH_SEARCH_PATHS = (
					"$(inherited)",
					"@executable_path/Frameworks",
					"@loader_path/Frameworks",
				);
				PRODUCT_BUNDLE_IDENTIFIER = com.son.FunctionalTests;
				PRODUCT_NAME = "$(TARGET_NAME)";
				SWIFT_VERSION = 4.2;
				TARGETED_DEVICE_FAMILY = "1,2";
			};
			name = Release;
		};
/* End XCBuildConfiguration section */

/* Begin XCConfigurationList section */
		02D7D554225EFDF300148463 /* Build configuration list for PBXProject "Functional" */ = {
			isa = XCConfigurationList;
			buildConfigurations = (
				02D7D56C225EFDF400148463 /* Debug */,
				02D7D56D225EFDF400148463 /* Release */,
			);
			defaultConfigurationIsVisible = 0;
			defaultConfigurationName = Release;
		};
		02D7D56E225EFDF400148463 /* Build configuration list for PBXNativeTarget "Functional" */ = {
			isa = XCConfigurationList;
			buildConfigurations = (
				02D7D56F225EFDF400148463 /* Debug */,
				02D7D570225EFDF400148463 /* Release */,
			);
			defaultConfigurationIsVisible = 0;
			defaultConfigurationName = Release;
		};
		02D7D571225EFDF400148463 /* Build configuration list for PBXNativeTarget "FunctionalTests" */ = {
			isa = XCConfigurationList;
			buildConfigurations = (
				02D7D572225EFDF400148463 /* Debug */,
				02D7D573225EFDF400148463 /* Release */,
			);
			defaultConfigurationIsVisible = 0;
			defaultConfigurationName = Release;
		};
/* End XCConfigurationList section */
	};
	rootObject = 02D7D551225EFDF300148463 /* Project object */;
}
